
Microsoft Visual Studio Solution File, Format Version 12.00
Project("{FAE04EC0-301F-11D3-BF4B-00C04F79EFBC}") = "Training.Reflection", "Training.Reflection\Training.Reflection.csproj", "{4B4CD228-84A3-41F1-8EE9-9F871794B343}"
EndProject
Project("{FAE04EC0-301F-11D3-BF4B-00C04F79EFBC}") = "Training.Reflection.Tests", "Training.Reflection.Tests\Training.Reflection.Tests.csproj", "{A2ED4047-DD14-4422-A241-9885BE09B4A9}"
EndProject
Global
	GlobalSection(SolutionConfigurationPlatforms) = preSolution
		Debug|Any CPU = Debug|Any CPU
		Release|Any CPU = Release|Any CPU
	EndGlobalSection
	GlobalSection(ProjectConfigurationPlatforms) = postSolution
		{4B4CD228-84A3-41F1-8EE9-9F871794B343}.Debug|Any CPU.ActiveCfg = Debug|Any CPU
		{4B4CD228-84A3-41F1-8EE9-9F871794B343}.Debug|Any CPU.Build.0 = Debug|Any CPU
		{4B4CD228-84A3-41F1-8EE9-9F871794B343}.Release|Any CPU.ActiveCfg = Release|Any CPU
		{4B4CD228-84A3-41F1-8EE9-9F871794B343}.Release|Any CPU.Build.0 = Release|Any CPU
		{A2ED4047-DD14-4422-A241-9885BE09B4A9}.Debug|Any CPU.ActiveCfg = Debug|Any CPU
		{A2ED4047-DD14-4422-A241-9885BE09B4A9}.Debug|Any CPU.Build.0 = Debug|Any CPU
		{A2ED4047-DD14-4422-A241-9885BE09B4A9}.Release|Any CPU.ActiveCfg = Release|Any CPU
		{A2ED4047-DD14-4422-A241-9885BE09B4A9}.Release|Any CPU.Build.0 = Release|Any CPU
	EndGlobalSection
EndGlobal
